Microsoft Visual Studio Solution File, Format Version 8.00
Project("{8BC9CEB8-8B4A-11D0-8D11-00A0C91BC942}") = "Particles", "Particles.vcproj", "{659DF6D1-7023-4B5E-8E25-100D350CFDA0}"
	ProjectSection(ProjectDependencies) = postProject
	EndProjectSection
EndProject
Global
	GlobalSection(SolutionConfiguration) = preSolution
		Debug = Debug
		Release = Release
	EndGlobalSection
	GlobalSection(ProjectDependencies) = postSolution
	EndGlobalSection
	GlobalSection(ProjectConfiguration) = postSolution
		{659DF6D1-7023-4B5E-8E25-100D350CFDA0}.Debug.ActiveCfg = Debug|Win32
		{659DF6D1-7023-4B5E-8E25-100D350CFDA0}.Debug.Build.0 = Debug|Win32
		{659DF6D1-7023-4B5E-8E25-100D350CFDA0}.Release.ActiveCfg = Release|Win32
		{659DF6D1-7023-4B5E-8E25-100D350CFDA0}.Release.Build.0 = Release|Win32
	EndGlobalSection
	GlobalSection(ExtensibilityGlobals) = postSolution
	EndGlobalSection
	GlobalSection(ExtensibilityAddIns) = postSolution
	EndGlobalSection
EndGlobal
