
Microsoft Visual Studio Solution File, Format Version 11.00
# Visual Studio 2010
Project("{8BC9CEB8-8B4A-11D0-8D11-00A0C91BC942}") = "ENVMAP", "ENVMAP.vcxproj", "{D5FCEDF8-F1C4-3F51-E93A-1472282D1BBB}"
EndProject
Global
	GlobalSection(SolutionConfigurationPlatforms) = preSolution
		Debug|Win32 = Debug|Win32
		Release|Win32 = Release|Win32
	EndGlobalSection
	GlobalSection(ProjectConfigurationPlatforms) = postSolution
		{D5FCEDF8-F1C4-3F51-E93A-1472282D1BBB}.Debug|Win32.ActiveCfg = Debug|Win32
		{D5FCEDF8-F1C4-3F51-E93A-1472282D1BBB}.Debug|Win32.Build.0 = Debug|Win32
		{D5FCEDF8-F1C4-3F51-E93A-1472282D1BBB}.Release|Win32.ActiveCfg = Release|Win32
		{D5FCEDF8-F1C4-3F51-E93A-1472282D1BBB}.Release|Win32.Build.0 = Release|Win32
	EndGlobalSection
	GlobalSection(SolutionProperties) = preSolution
		HideSolutionNode = FALSE
	EndGlobalSection
EndGlobal
